// !$*UTF8*$!
{
	archiveVersion = 1;
	classes = {
	};
	objectVersion = 50;
	objects = {

/* Begin PBXBuildFile section */
		10592AC622B144C5001E8C7C /* AppDelegate.swift in Sources */ = {isa = PBXBuildFile; fileRef = 10592AC522B144C5001E8C7C /* AppDelegate.swift */; };
		10592AC822B144C5001E8C7C /* ViewController.swift in Sources */ = {isa = PBXBuildFile; fileRef = 10592AC722B144C5001E8C7C /* ViewController.swift */; };
		10592ACB22B144C5001E8C7C /* Main.storyboard in Resources */ = {isa = PBXBuildFile; fileRef = 10592AC922B144C5001E8C7C /* Main.storyboard */; };
		10592AD022B144C6001E8C7C /* LaunchScreen.storyboard in Resources */ = {isa = PBXBuildFile; fileRef = 10592ACE22B144C6001E8C7C /* LaunchScreen.storyboard */; };
		10A27C1F22B148D200E9209C /* Assets.xcassets in Resources */ = {isa = PBXBuildFile; fileRef = 10A27C1E22B148D200E9209C /* Assets.xcassets */; };
		10A27C2122B19ABD00E9209C /* GoogleService-Info.plist in Resources */ = {isa = PBXBuildFile; fileRef = 10A27C2022B19ABC00E9209C /* GoogleService-Info.plist */; };
		EC701D975BBC1317449FB8E7 /* Pods_Dicee_App.framework in Frameworks */ = {isa = PBXBuildFile; fileRef = 24CBA0BB507A63F13CEB81A3 /* Pods_Dicee_App.framework */; };
/* End PBXBuildFile section */

/* Begin PBXFileReference section */
		01490B1B47D195DDAD83065F /* Pods-Dicee App.release.xcconfig */ = {isa = PBXFileReference; includeInIndex = 1; lastKnownFileType = text.xcconfig; name = "Pods-Dicee App.release.xcconfig"; path = "Target Support Files/Pods-Dicee App/Pods-Dicee App.release.xcconfig"; sourceTree = "<group>"; };
		10592AC222B144C5001E8C7C /* Dicee App.app */ = {isa = PBXFileReference; explicitFileType = wrapper.application; includeInIndex = 0; path = "Dicee App.app"; sourceTree = BUILT_PRODUCTS_DIR; };
		10592AC522B144C5001E8C7C /* AppDelegate.swift */ = {isa = PBXFileReference; lastKnownFileType = sourcecode.swift; path = AppDelegate.swift; sourceTree = "<group>"; };
		10592AC722B144C5001E8C7C /* ViewController.swift */ = {isa = PBXFileReference; lastKnownFileType = sourcecode.swift; path = ViewController.swift; sourceTree = "<group>"; };
		10592ACA22B144C5001E8C7C /* Base */ = {isa = PBXFileReference; lastKnownFileType = file.storyboard; name = Base; path = Base.lproj/Main.storyboard; sourceTree = "<group>"; };
		10592ACF22B144C6001E8C7C /* Base */ = {isa = PBXFileReference; lastKnownFileType = file.storyboard; name = Base; path = Base.lproj/LaunchScreen.storyboard; sourceTree = "<group>"; };
		10592AD122B144C6001E8C7C /* Info.plist */ = {isa = PBXFileReference; lastKnownFileType = text.plist.xml; path = Info.plist; sourceTree = "<group>"; };
		10A27C1E22B148D200E9209C /* Assets.xcassets */ = {isa = PBXFileReference; lastKnownFileType = folder.assetcatalog; path = Assets.xcassets; sourceTree = "<group>"; };
		10A27C2022B19ABC00E9209C /* GoogleService-Info.plist */ = {isa = PBXFileReference; fileEncoding = 4; lastKnownFileType = text.plist.xml; name = "GoogleService-Info.plist"; path = "../../../../../../Downloads/GoogleService-Info.plist"; sourceTree = "<group>"; };
		24CBA0BB507A63F13CEB81A3 /* Pods_Dicee_App.framework */ = {isa = PBXFileReference; explicitFileType = wrapper.framework; includeInIndex = 0; path = Pods_Dicee_App.framework; sourceTree = BUILT_PRODUCTS_DIR; };
		6322DE7701EA0B0A24E68DF1 /* Pods-Dicee App.debug.xcconfig */ = {isa = PBXFileReference; includeInIndex = 1; lastKnownFileType = text.xcconfig; name = "Pods-Dicee App.debug.xcconfig"; path = "Target Support Files/Pods-Dicee App/Pods-Dicee App.debug.xcconfig"; sourceTree = "<group>"; };
/* End PBXFileReference section */

/* Begin PBXFrameworksBuildPhase section */
		10592ABF22B144C5001E8C7C /* Frameworks */ = {
			isa = PBXFrameworksBuildPhase;
			buildActionMask = 2147483647;
			files = (
				EC701D975BBC1317449FB8E7 /* Pods_Dicee_App.framework in Frameworks */,
			);
			runOnlyForDeploymentPostprocessing = 0;
		};
/* End PBXFrameworksBuildPhase section */

/* Begin PBXGroup section */
		10592AB922B144C5001E8C7C = {
			isa = PBXGroup;
			children = (
				10592AC422B144C5001E8C7C /* Dicee App */,
				10592AC322B144C5001E8C7C /* Products */,
				D5AEF0E881FBAD226F2FE5BC /* Pods */,
				95400CBF376E0ADC9F7126A8 /* Frameworks */,
			);
			sourceTree = "<group>";
		};
		10592AC322B144C5001E8C7C /* Products */ = {
			isa = PBXGroup;
			children = (
				10592AC222B144C5001E8C7C /* Dicee App.app */,
			);
			name = Products;
			sourceTree = "<group>";
		};
		10592AC422B144C5001E8C7C /* Dicee App */ = {
			isa = PBXGroup;
			children = (
				10592AC522B144C5001E8C7C /* AppDelegate.swift */,
				10592AC722B144C5001E8C7C /* ViewController.swift */,
				10A27C1E22B148D200E9209C /* Assets.xcassets */,
				10592AC922B144C5001E8C7C /* Main.storyboard */,
				10592ACE22B144C6001E8C7C /* LaunchScreen.storyboard */,
				10592AD122B144C6001E8C7C /* Info.plist */,
				10A27C2022B19ABC00E9209C /* GoogleService-Info.plist */,
			);
			path = "Dicee App";
			sourceTree = "<group>";
		};
		95400CBF376E0ADC9F7126A8 /* Frameworks */ = {
			isa = PBXGroup;
			children = (
				24CBA0BB507A63F13CEB81A3 /* Pods_Dicee_App.framework */,
			);
			name = Frameworks;
			sourceTree = "<group>";
		};
		D5AEF0E881FBAD226F2FE5BC /* Pods */ = {
			isa = PBXGroup;
			children = (
				6322DE7701EA0B0A24E68DF1 /* Pods-Dicee App.debug.xcconfig */,
				01490B1B47D195DDAD83065F /* Pods-Dicee App.release.xcconfig */,
			);
			name = Pods;
			path = Pods;
			sourceTree = "<group>";
		};
/* End PBXGroup section */

/* Begin PBXNativeTarget section */
		10592AC122B144C5001E8C7C /* Dicee App */ = {
			isa = PBXNativeTarget;
			buildConfigurationList = 10592AD422B144C6001E8C7C /* Build configuration list for PBXNativeTarget "Dicee App" */;
			buildPhases = (
				079C56ECDAF7F5D8C3DD9F72 /* [CP] Check Pods Manifest.lock */,
				10592ABE22B144C5001E8C7C /* Sources */,
				10592ABF22B144C5001E8C7C /* Frameworks */,
				10592AC022B144C5001E8C7C /* Resources */,
				18DAE503FA44C8C24D8193B1 /* [CP] Embed Pods Frameworks */,
			);
			buildRules = (
			);
			dependencies = (
			);
			name = "Dicee App";
			productName = "Dicee App";
			productReference = 10592AC222B144C5001E8C7C /* Dicee App.app */;
			productType = "com.apple.product-type.application";
		};
/* End PBXNativeTarget section */

/* Begin PBXProject section */
		10592ABA22B144C5001E8C7C /* Project object */ = {
			isa = PBXProject;
			attributes = {
				LastSwiftUpdateCheck = 1020;
				LastUpgradeCheck = 1020;
				ORGANIZATIONNAME = "Trevor Gevers";
				TargetAttributes = {
					10592AC122B144C5001E8C7C = {
						CreatedOnToolsVersion = 10.2.1;
					};
				};
			};
			buildConfigurationList = 10592ABD22B144C5001E8C7C /* Build configuration list for PBXProject "Dicee App" */;
			compatibilityVersion = "Xcode 9.3";
			developmentRegion = en;
			hasScannedForEncodings = 0;
			knownRegions = (
				en,
				Base,
			);
			mainGroup = 10592AB922B144C5001E8C7C;
			productRefGroup = 10592AC322B144C5001E8C7C /* Products */;
			projectDirPath = "";
			projectRoot = "";
			targets = (
				10592AC122B144C5001E8C7C /* Dicee App */,
			);
		};
/* End PBXProject section */

/* Begin PBXResourcesBuildPhase section */
		10592AC022B144C5001E8C7C /* Resources */ = {
			isa = PBXResourcesBuildPhase;
			buildActionMask = 2147483647;
			files = (
				10592AD022B144C6001E8C7C /* LaunchScreen.storyboard in Resources */,
				10A27C2122B19ABD00E9209C /* GoogleService-Info.plist in Resources */,
				10A27C1F22B148D200E9209C /* Assets.xcassets in Resources */,
				10592ACB22B144C5001E8C7C /* Main.storyboard in Resources */,
			);
			runOnlyForDeploymentPostprocessing = 0;
		};
/* End PBXResourcesBuildPhase section */

/* Begin PBXShellScriptBuildPhase section */
		079C56ECDAF7F5D8C3DD9F72 /* [CP] Check Pods Manifest.lock */ = {
			isa = PBXShellScriptBuildPhase;
			buildActionMask = 2147483647;
			files = (
			);
			inputFileListPaths = (
			);
			inputPaths = (
				"${PODS_PODFILE_DIR_PATH}/Podfile.lock",
				"${PODS_ROOT}/Manifest.lock",
			);
			name = "[CP] Check Pods Manifest.lock";
			outputFileListPaths = (
			);
			outputPaths = (
				"$(DERIVED_FILE_DIR)/Pods-Dicee App-checkManifestLockResult.txt",
			);
			runOnlyForDeploymentPostprocessing = 0;
			shellPath = /bin/sh;
			shellScript = "diff \"${PODS_PODFILE_DIR_PATH}/Podfile.lock\" \"${PODS_ROOT}/Manifest.lock\" > /dev/null\nif [ $? != 0 ] ; then\n    # print error to STDERR\n    echo \"error: The sandbox is not in sync with the Podfile.lock. Run 'pod install' or update your CocoaPods installation.\" >&2\n    exit 1\nfi\n# This output is used by Xcode 'outputs' to avoid re-running this script phase.\necho \"SUCCESS\" > \"${SCRIPT_OUTPUT_FILE_0}\"\n";
			showEnvVarsInLog = 0;
		};
		18DAE503FA44C8C24D8193B1 /* [CP] Embed Pods Frameworks */ = {
			isa = PBXShellScriptBuildPhase;
			buildActionMask = 2147483647;
			files = (
			);
			inputFileListPaths = (
			);
			inputPaths = (
				"${PODS_ROOT}/Target Support Files/Pods-Dicee App/Pods-Dicee App-frameworks.sh",
				"${BUILT_PRODUCTS_DIR}/GoogleUtilities/GoogleUtilities.framework",
				"${BUILT_PRODUCTS_DIR}/leveldb-library/leveldb.framework",
				"${BUILT_PRODUCTS_DIR}/nanopb/nanopb.framework",
			);
			name = "[CP] Embed Pods Frameworks";
			outputFileListPaths = (
			);
			outputPaths = (
				"${TARGET_BUILD_DIR}/${FRAMEWORKS_FOLDER_PATH}/GoogleUtilities.framework",
				"${TARGET_BUILD_DIR}/${FRAMEWORKS_FOLDER_PATH}/leveldb.framework",
				"${TARGET_BUILD_DIR}/${FRAMEWORKS_FOLDER_PATH}/nanopb.framework",
			);
			runOnlyForDeploymentPostprocessing = 0;
			shellPath = /bin/sh;
			shellScript = "\"${PODS_ROOT}/Target Support Files/Pods-Dicee App/Pods-Dicee App-frameworks.sh\"\n";
			showEnvVarsInLog = 0;
		};
/* End PBXShellScriptBuildPhase section */

/* Begin PBXSourcesBuildPhase section */
		10592ABE22B144C5001E8C7C /* Sources */ = {
			isa = PBXSourcesBuildPhase;
			buildActionMask = 2147483647;
			files = (
				10592AC822B144C5001E8C7C /* ViewController.swift in Sources */,
				10592AC622B144C5001E8C7C /* AppDelegate.swift in Sources */,
			);
			runOnlyForDeploymentPostprocessing = 0;
		};
/* End PBXSourcesBuildPhase section */

/* Begin PBXVariantGroup section */
		10592AC922B144C5001E8C7C /* Main.storyboard */ = {
			isa = PBXVariantGroup;
			children = (
				10592ACA22B144C5001E8C7C /* Base */,
			);
			name = Main.storyboard;
			sourceTree = "<group>";
		};
		10592ACE22B144C6001E8C7C /* LaunchScreen.storyboard */ = {
			isa = PBXVariantGroup;
			children = (
				10592ACF22B144C6001E8C7C /* Base */,
			);
			name = LaunchScreen.storyboard;
			sourceTree = "<group>";
		};
/* End PBXVariantGroup section */

/* Begin XCBuildConfiguration section */
		10592AD222B144C6001E8C7C /* Debug */ = {
			isa = XCBuildConfiguration;
			buildSettings = {
				ALWAYS_SEARCH_USER_PATHS = NO;
				CLANG_ANALYZER_NONNULL = YES;
				CLANG_ANALYZER_NUMBER_OBJECT_CONVERSION = YES_AGGRESSIVE;
				CLANG_CXX_LANGUAGE_STANDARD = "gnu++14";
				CLANG_CXX_LIBRARY = "libc++";
				CLANG_ENABLE_MODULES = YES;
				CLANG_ENABLE_OBJC_ARC = YES;
				CLANG_ENABLE_OBJC_WEAK = YES;
				CLANG_WARN_BLOCK_CAPTURE_AUTORELEASING = YES;
				CLANG_WARN_BOOL_CONVERSION = YES;
				CLANG_WARN_COMMA = YES;
				CLANG_WARN_CONSTANT_CONVERSION = YES;
				CLANG_WARN_DEPRECATED_OBJC_IMPLEMENTATIONS = YES;
				CLANG_WARN_DIRECT_OBJC_ISA_USAGE = YES_ERROR;
				CLANG_WARN_DOCUMENTATION_COMMENTS = YES;
				CLANG_WARN_EMPTY_BODY = YES;
				CLANG_WARN_ENUM_CONVERSION = YES;
				CLANG_WARN_INFINITE_RECURSION = YES;
				CLANG_WARN_INT_CONVERSION = YES;
				CLANG_WARN_NON_LITERAL_NULL_CONVERSION = YES;
				CLANG_WARN_OBJC_IMPLICIT_RETAIN_SELF = YES;
				CLANG_WARN_OBJC_LITERAL_CONVERSION = YES;
				CLANG_WARN_OBJC_ROOT_CLASS = YES_ERROR;
				CLANG_WARN_RANGE_LOOP_ANALYSIS = YES;
				CLANG_WARN_STRICT_PROTOTYPES = YES;
				CLANG_WARN_SUSPICIOUS_MOVE = YES;
				CLANG_WARN_UNGUARDED_AVAILABILITY = YES_AGGRESSIVE;
				CLANG_WARN_UNREACHABLE_CODE = YES;
				CLANG_WARN__DUPLICATE_METHOD_MATCH = YES;
				CODE_SIGN_IDENTITY = "iPhone Developer";
				COPY_PHASE_STRIP = NO;
				DEBUG_INFORMATION_FORMAT = dwarf;
				ENABLE_STRICT_OBJC_MSGSEND = YES;
				ENABLE_TESTABILITY = YES;
				GCC_C_LANGUAGE_STANDARD = gnu11;
				GCC_DYNAMIC_NO_PIC = NO;
				GCC_NO_COMMON_BLOCKS = YES;
				GCC_OPTIMIZATION_LEVEL = 0;
				GCC_PREPROCESSOR_DEFINITIONS = (
					"DEBUG=1",
					"$(inherited)",
				);
				GCC_WARN_64_TO_32_BIT_CONVERSION = YES;
				GCC_WARN_ABOUT_RETURN_TYPE = YES_ERROR;
				GCC_WARN_UNDECLARED_SELECTOR = YES;
				GCC_WARN_UNINITIALIZED_AUTOS = YES_AGGRESSIVE;
				GCC_WARN_UNUSED_FUNCTION = YES;
				GCC_WARN_UNUSED_VARIABLE = YES;
				IPHONEOS_DEPLOYMENT_TARGET = 12.2;
				MTL_ENABLE_DEBUG_INFO = INCLUDE_SOURCE;
				MTL_FAST_MATH = YES;
				ONLY_ACTIVE_ARCH = YES;
				SDKROOT = iphoneos;
				SWIFT_ACTIVE_COMPILATION_CONDITIONS = DEBUG;
				SWIFT_OPTIMIZATION_LEVEL = "-Onone";
			};
			name = Debug;
		};
		10592AD322B144C6001E8C7C /* Release */ = {
			isa = XCBuildConfiguration;
			buildSettings = {
				ALWAYS_SEARCH_USER_PATHS = NO;
				CLANG_ANALYZER_NONNULL = YES;
				CLANG_ANALYZER_NUMBER_OBJECT_CONVERSION = YES_AGGRESSIVE;
				CLANG_CXX_LANGUAGE_STANDARD = "gnu++14";
				CLANG_CXX_LIBRARY = "libc++";
				CLANG_ENABLE_MODULES = YES;
				CLANG_ENABLE_OBJC_ARC = YES;
				CLANG_ENABLE_OBJC_WEAK = YES;
				CLANG_WARN_BLOCK_CAPTURE_AUTORELEASING = YES;
				CLANG_WARN_BOOL_CONVERSION = YES;
				CLANG_WARN_COMMA = YES;
				CLANG_WARN_CONSTANT_CONVERSION = YES;
				CLANG_WARN_DEPRECATED_OBJC_IMPLEMENTATIONS = YES;
				CLANG_WARN_DIRECT_OBJC_ISA_USAGE = YES_ERROR;
				CLANG_WARN_DOCUMENTATION_COMMENTS = YES;
				CLANG_WARN_EMPTY_BODY = YES;
				CLANG_WARN_ENUM_CONVERSION = YES;
				CLANG_WARN_INFINITE_RECURSION = YES;
				CLANG_WARN_INT_CONVERSION = YES;
				CLANG_WARN_NON_LITERAL_NULL_CONVERSION = YES;
				CLANG_WARN_OBJC_IMPLICIT_RETAIN_SELF = YES;
				CLANG_WARN_OBJC_LITERAL_CONVERSION = YES;
				CLANG_WARN_OBJC_ROOT_CLASS = YES_ERROR;
				CLANG_WARN_RANGE_LOOP_ANALYSIS = YES;
				CLANG_WARN_STRICT_PROTOTYPES = YES;
				CLANG_WARN_SUSPICIOUS_MOVE = YES;
				CLANG_WARN_UNGUARDED_AVAILABILITY = YES_AGGRESSIVE;
				CLANG_WARN_UNREACHABLE_CODE = YES;
				CLANG_WARN__DUPLICATE_METHOD_MATCH = YES;
				CODE_SIGN_IDENTITY = "iPhone Developer";
				COPY_PHASE_STRIP = NO;
				DEBUG_INFORMATION_FORMAT = "dwarf-with-dsym";
				ENABLE_NS_ASSERTIONS = NO;
				ENABLE_STRICT_OBJC_MSGSEND = YES;
				GCC_C_LANGUAGE_STANDARD = gnu11;
				GCC_NO_COMMON_BLOCKS = YES;
				GCC_WARN_64_TO_32_BIT_CONVERSION = YES;
				GCC_WARN_ABOUT_RETURN_TYPE = YES_ERROR;
				GCC_WARN_UNDECLARED_SELECTOR = YES;
				GCC_WARN_UNINITIALIZED_AUTOS = YES_AGGRESSIVE;
				GCC_WARN_UNUSED_FUNCTION = YES;
				GCC_WARN_UNUSED_VARIABLE = YES;
				IPHONEOS_DEPLOYMENT_TARGET = 12.2;
				MTL_ENABLE_DEBUG_INFO = NO;
				MTL_FAST_MATH = YES;
				SDKROOT = iphoneos;
				SWIFT_COMPILATION_MODE = wholemodule;
				SWIFT_OPTIMIZATION_LEVEL = "-O";
				VALIDATE_PRODUCT = YES;
			};
			name = Release;
		};
		10592AD522B144C6001E8C7C /* Debug */ = {
			isa = XCBuildConfiguration;
			baseConfigurationReference = 6322DE7701EA0B0A24E68DF1 /* Pods-Dicee App.debug.xcconfig */;
			buildSettings = {
				ASSETCATALOG_COMPILER_APPICON_NAME = AppIcon;
				CODE_SIGN_STYLE = Automatic;
				DEVELOPMENT_TEAM = GSPC282Z3K;
				INFOPLIST_FILE = "Dicee App/Info.plist";
				LD_RUNPATH_SEARCH_PATHS = (
					"$(inherited)",
					"@executable_path/Frameworks",
				);
				PRODUCT_BUNDLE_IDENTIFIER = "com.trevorgevers.Dicee-App";
				PRODUCT_NAME = "$(TARGET_NAME)";
				SWIFT_VERSION = 5.0;
				TARGETED_DEVICE_FAMILY = 1;
			};
			name = Debug;
		};
		10592AD622B144C6001E8C7C /* Release */ = {
			isa = XCBuildConfiguration;
			baseConfigurationReference = 01490B1B47D195DDAD83065F /* Pods-Dicee App.release.xcconfig */;
			buildSettings = {
				ASSETCATALOG_COMPILER_APPICON_NAME = AppIcon;
				CODE_SIGN_STYLE = Automatic;
				DEVELOPMENT_TEAM = GSPC282Z3K;
				INFOPLIST_FILE = "Dicee App/Info.plist";
				LD_RUNPATH_SEARCH_PATHS = (
					"$(inherited)",
					"@executable_path/Frameworks",
				);
				PRODUCT_BUNDLE_IDENTIFIER = "com.trevorgevers.Dicee-App";
				PRODUCT_NAME = "$(TARGET_NAME)";
				SWIFT_VERSION = 5.0;
				TARGETED_DEVICE_FAMILY = 1;
			};
			name = Release;
		};
/* End XCBuildConfiguration section */

/* Begin XCConfigurationList section */
		10592ABD22B144C5001E8C7C /* Build configuration list for PBXProject "Dicee App" */ = {
			isa = XCConfigurationList;
			buildConfigurations = (
				10592AD222B144C6001E8C7C /* Debug */,
				10592AD322B144C6001E8C7C /* Release */,
			);
			defaultConfigurationIsVisible = 0;
			defaultConfigurationName = Release;
		};
		10592AD422B144C6001E8C7C /* Build configuration list for PBXNativeTarget "Dicee App" */ = {
			isa = XCConfigurationList;
			buildConfigurations = (
				10592AD522B144C6001E8C7C /* Debug */,
				10592AD622B144C6001E8C7C /* Release */,
			);
			defaultConfigurationIsVisible = 0;
			defaultConfigurationName = Release;
		};
/* End XCConfigurationList section */
	};
	rootObject = 10592ABA22B144C5001E8C7C /* Project object */;
}
