// !$*UTF8*$!
{
	archiveVersion = 1;
	classes = {
	};
	objectVersion = 50;
	objects = {

/* Begin PBXBuildFile section */
		10592A5222B03D82001E8C7C /* AppDelegate.swift in Sources */ = {isa = PBXBuildFile; fileRef = 10592A5122B03D82001E8C7C /* AppDelegate.swift */; };
		10592A5422B03D82001E8C7C /* ViewController.swift in Sources */ = {isa = PBXBuildFile; fileRef = 10592A5322B03D82001E8C7C /* ViewController.swift */; };
		10592A5722B03D82001E8C7C /* Main.storyboard in Resources */ = {isa = PBXBuildFile; fileRef = 10592A5522B03D82001E8C7C /* Main.storyboard */; };
		10592A5922B03D83001E8C7C /* Assets.xcassets in Resources */ = {isa = PBXBuildFile; fileRef = 10592A5822B03D83001E8C7C /* Assets.xcassets */; };
		10592A5C22B03D83001E8C7C /* LaunchScreen.storyboard in Resources */ = {isa = PBXBuildFile; fileRef = 10592A5A22B03D83001E8C7C /* LaunchScreen.storyboard */; };
		10592A6722B03D83001E8C7C /* udemy_tut1Tests.swift in Sources */ = {isa = PBXBuildFile; fileRef = 10592A6622B03D83001E8C7C /* udemy_tut1Tests.swift */; };
		10592A7222B03D83001E8C7C /* udemy_tut1UITests.swift in Sources */ = {isa = PBXBuildFile; fileRef = 10592A7122B03D83001E8C7C /* udemy_tut1UITests.swift */; };
/* End PBXBuildFile section */

/* Begin PBXContainerItemProxy section */
		10592A6322B03D83001E8C7C /* PBXContainerItemProxy */ = {
			isa = PBXContainerItemProxy;
			containerPortal = 10592A4622B03D82001E8C7C /* Project object */;
			proxyType = 1;
			remoteGlobalIDString = 10592A4D22B03D82001E8C7C;
			remoteInfo = "udemy-tut1";
		};
		10592A6E22B03D83001E8C7C /* PBXContainerItemProxy */ = {
			isa = PBXContainerItemProxy;
			containerPortal = 10592A4622B03D82001E8C7C /* Project object */;
			proxyType = 1;
			remoteGlobalIDString = 10592A4D22B03D82001E8C7C;
			remoteInfo = "udemy-tut1";
		};
/* End PBXContainerItemProxy section */

/* Begin PBXFileReference section */
		10592A4E22B03D82001E8C7C /* udemy-tut1.app */ = {isa = PBXFileReference; explicitFileType = wrapper.application; includeInIndex = 0; path = "udemy-tut1.app"; sourceTree = BUILT_PRODUCTS_DIR; };
		10592A5122B03D82001E8C7C /* AppDelegate.swift */ = {isa = PBXFileReference; lastKnownFileType = sourcecode.swift; path = AppDelegate.swift; sourceTree = "<group>"; };
		10592A5322B03D82001E8C7C /* ViewController.swift */ = {isa = PBXFileReference; lastKnownFileType = sourcecode.swift; path = ViewController.swift; sourceTree = "<group>"; };
		10592A5622B03D82001E8C7C /* Base */ = {isa = PBXFileReference; lastKnownFileType = file.storyboard; name = Base; path = Base.lproj/Main.storyboard; sourceTree = "<group>"; };
		10592A5822B03D83001E8C7C /* Assets.xcassets */ = {isa = PBXFileReference; lastKnownFileType = folder.assetcatalog; path = Assets.xcassets; sourceTree = "<group>"; };
		10592A5B22B03D83001E8C7C /* Base */ = {isa = PBXFileReference; lastKnownFileType = file.storyboard; name = Base; path = Base.lproj/LaunchScreen.storyboard; sourceTree = "<group>"; };
		10592A5D22B03D83001E8C7C /* Info.plist */ = {isa = PBXFileReference; lastKnownFileType = text.plist.xml; path = Info.plist; sourceTree = "<group>"; };
		10592A6222B03D83001E8C7C /* udemy-tut1Tests.xctest */ = {isa = PBXFileReference; explicitFileType = wrapper.cfbundle; includeInIndex = 0; path = "udemy-tut1Tests.xctest"; sourceTree = BUILT_PRODUCTS_DIR; };
		10592A6622B03D83001E8C7C /* udemy_tut1Tests.swift */ = {isa = PBXFileReference; lastKnownFileType = sourcecode.swift; path = udemy_tut1Tests.swift; sourceTree = "<group>"; };
		10592A6822B03D83001E8C7C /* Info.plist */ = {isa = PBXFileReference; lastKnownFileType = text.plist.xml; path = Info.plist; sourceTree = "<group>"; };
		10592A6D22B03D83001E8C7C /* udemy-tut1UITests.xctest */ = {isa = PBXFileReference; explicitFileType = wrapper.cfbundle; includeInIndex = 0; path = "udemy-tut1UITests.xctest"; sourceTree = BUILT_PRODUCTS_DIR; };
		10592A7122B03D83001E8C7C /* udemy_tut1UITests.swift */ = {isa = PBXFileReference; lastKnownFileType = sourcecode.swift; path = udemy_tut1UITests.swift; sourceTree = "<group>"; };
		10592A7322B03D83001E8C7C /* Info.plist */ = {isa = PBXFileReference; lastKnownFileType = text.plist.xml; path = Info.plist; sourceTree = "<group>"; };
/* End PBXFileReference section */

/* Begin PBXFrameworksBuildPhase section */
		10592A4B22B03D82001E8C7C /* Frameworks */ = {
			isa = PBXFrameworksBuildPhase;
			buildActionMask = 2147483647;
			files = (
			);
			runOnlyForDeploymentPostprocessing = 0;
		};
		10592A5F22B03D83001E8C7C /* Frameworks */ = {
			isa = PBXFrameworksBuildPhase;
			buildActionMask = 2147483647;
			files = (
			);
			runOnlyForDeploymentPostprocessing = 0;
		};
		10592A6A22B03D83001E8C7C /* Frameworks */ = {
			isa = PBXFrameworksBuildPhase;
			buildActionMask = 2147483647;
			files = (
			);
			runOnlyForDeploymentPostprocessing = 0;
		};
/* End PBXFrameworksBuildPhase section */

/* Begin PBXGroup section */
		10592A4522B03D82001E8C7C = {
			isa = PBXGroup;
			children = (
				10592A5022B03D82001E8C7C /* udemy-tut1 */,
				10592A6522B03D83001E8C7C /* udemy-tut1Tests */,
				10592A7022B03D83001E8C7C /* udemy-tut1UITests */,
				10592A4F22B03D82001E8C7C /* Products */,
			);
			sourceTree = "<group>";
		};
		10592A4F22B03D82001E8C7C /* Products */ = {
			isa = PBXGroup;
			children = (
				10592A4E22B03D82001E8C7C /* udemy-tut1.app */,
				10592A6222B03D83001E8C7C /* udemy-tut1Tests.xctest */,
				10592A6D22B03D83001E8C7C /* udemy-tut1UITests.xctest */,
			);
			name = Products;
			sourceTree = "<group>";
		};
		10592A5022B03D82001E8C7C /* udemy-tut1 */ = {
			isa = PBXGroup;
			children = (
				10592A5122B03D82001E8C7C /* AppDelegate.swift */,
				10592A5322B03D82001E8C7C /* ViewController.swift */,
				10592A5522B03D82001E8C7C /* Main.storyboard */,
				10592A5822B03D83001E8C7C /* Assets.xcassets */,
				10592A5A22B03D83001E8C7C /* LaunchScreen.storyboard */,
				10592A5D22B03D83001E8C7C /* Info.plist */,
			);
			path = "udemy-tut1";
			sourceTree = "<group>";
		};
		10592A6522B03D83001E8C7C /* udemy-tut1Tests */ = {
			isa = PBXGroup;
			children = (
				10592A6622B03D83001E8C7C /* udemy_tut1Tests.swift */,
				10592A6822B03D83001E8C7C /* Info.plist */,
			);
			path = "udemy-tut1Tests";
			sourceTree = "<group>";
		};
		10592A7022B03D83001E8C7C /* udemy-tut1UITests */ = {
			isa = PBXGroup;
			children = (
				10592A7122B03D83001E8C7C /* udemy_tut1UITests.swift */,
				10592A7322B03D83001E8C7C /* Info.plist */,
			);
			path = "udemy-tut1UITests";
			sourceTree = "<group>";
		};
/* End PBXGroup section */

/* Begin PBXNativeTarget section */
		10592A4D22B03D82001E8C7C /* udemy-tut1 */ = {
			isa = PBXNativeTarget;
			buildConfigurationList = 10592A7622B03D83001E8C7C /* Build configuration list for PBXNativeTarget "udemy-tut1" */;
			buildPhases = (
				10592A4A22B03D82001E8C7C /* Sources */,
				10592A4B22B03D82001E8C7C /* Frameworks */,
				10592A4C22B03D82001E8C7C /* Resources */,
			);
			buildRules = (
			);
			dependencies = (
			);
			name = "udemy-tut1";
			productName = "udemy-tut1";
			productReference = 10592A4E22B03D82001E8C7C /* udemy-tut1.app */;
			productType = "com.apple.product-type.application";
		};
		10592A6122B03D83001E8C7C /* udemy-tut1Tests */ = {
			isa = PBXNativeTarget;
			buildConfigurationList = 10592A7922B03D83001E8C7C /* Build configuration list for PBXNativeTarget "udemy-tut1Tests" */;
			buildPhases = (
				10592A5E22B03D83001E8C7C /* Sources */,
				10592A5F22B03D83001E8C7C /* Frameworks */,
				10592A6022B03D83001E8C7C /* Resources */,
			);
			buildRules = (
			);
			dependencies = (
				10592A6422B03D83001E8C7C /* PBXTargetDependency */,
			);
			name = "udemy-tut1Tests";
			productName = "udemy-tut1Tests";
			productReference = 10592A6222B03D83001E8C7C /* udemy-tut1Tests.xctest */;
			productType = "com.apple.product-type.bundle.unit-test";
		};
		10592A6C22B03D83001E8C7C /* udemy-tut1UITests */ = {
			isa = PBXNativeTarget;
			buildConfigurationList = 10592A7C22B03D83001E8C7C /* Build configuration list for PBXNativeTarget "udemy-tut1UITests" */;
			buildPhases = (
				10592A6922B03D83001E8C7C /* Sources */,
				10592A6A22B03D83001E8C7C /* Frameworks */,
				10592A6B22B03D83001E8C7C /* Resources */,
			);
			buildRules = (
			);
			dependencies = (
				10592A6F22B03D83001E8C7C /* PBXTargetDependency */,
			);
			name = "udemy-tut1UITests";
			productName = "udemy-tut1UITests";
			productReference = 10592A6D22B03D83001E8C7C /* udemy-tut1UITests.xctest */;
			productType = "com.apple.product-type.bundle.ui-testing";
		};
/* End PBXNativeTarget section */

/* Begin PBXProject section */
		10592A4622B03D82001E8C7C /* Project object */ = {
			isa = PBXProject;
			attributes = {
				LastSwiftUpdateCheck = 1020;
				LastUpgradeCheck = 1020;
				ORGANIZATIONNAME = "Trevor Gevers";
				TargetAttributes = {
					10592A4D22B03D82001E8C7C = {
						CreatedOnToolsVersion = 10.2.1;
					};
					10592A6122B03D83001E8C7C = {
						CreatedOnToolsVersion = 10.2.1;
						TestTargetID = 10592A4D22B03D82001E8C7C;
					};
					10592A6C22B03D83001E8C7C = {
						CreatedOnToolsVersion = 10.2.1;
						TestTargetID = 10592A4D22B03D82001E8C7C;
					};
				};
			};
			buildConfigurationList = 10592A4922B03D82001E8C7C /* Build configuration list for PBXProject "udemy-tut1" */;
			compatibilityVersion = "Xcode 9.3";
			developmentRegion = en;
			hasScannedForEncodings = 0;
			knownRegions = (
				en,
				Base,
			);
			mainGroup = 10592A4522B03D82001E8C7C;
			productRefGroup = 10592A4F22B03D82001E8C7C /* Products */;
			projectDirPath = "";
			projectRoot = "";
			targets = (
				10592A4D22B03D82001E8C7C /* udemy-tut1 */,
				10592A6122B03D83001E8C7C /* udemy-tut1Tests */,
				10592A6C22B03D83001E8C7C /* udemy-tut1UITests */,
			);
		};
/* End PBXProject section */

/* Begin PBXResourcesBuildPhase section */
		10592A4C22B03D82001E8C7C /* Resources */ = {
			isa = PBXResourcesBuildPhase;
			buildActionMask = 2147483647;
			files = (
				10592A5C22B03D83001E8C7C /* LaunchScreen.storyboard in Resources */,
				10592A5922B03D83001E8C7C /* Assets.xcassets in Resources */,
				10592A5722B03D82001E8C7C /* Main.storyboard in Resources */,
			);
			runOnlyForDeploymentPostprocessing = 0;
		};
		10592A6022B03D83001E8C7C /* Resources */ = {
			isa = PBXResourcesBuildPhase;
			buildActionMask = 2147483647;
			files = (
			);
			runOnlyForDeploymentPostprocessing = 0;
		};
		10592A6B22B03D83001E8C7C /* Resources */ = {
			isa = PBXResourcesBuildPhase;
			buildActionMask = 2147483647;
			files = (
			);
			runOnlyForDeploymentPostprocessing = 0;
		};
/* End PBXResourcesBuildPhase section */

/* Begin PBXSourcesBuildPhase section */
		10592A4A22B03D82001E8C7C /* Sources */ = {
			isa = PBXSourcesBuildPhase;
			buildActionMask = 2147483647;
			files = (
				10592A5422B03D82001E8C7C /* ViewController.swift in Sources */,
				10592A5222B03D82001E8C7C /* AppDelegate.swift in Sources */,
			);
			runOnlyForDeploymentPostprocessing = 0;
		};
		10592A5E22B03D83001E8C7C /* Sources */ = {
			isa = PBXSourcesBuildPhase;
			buildActionMask = 2147483647;
			files = (
				10592A6722B03D83001E8C7C /* udemy_tut1Tests.swift in Sources */,
			);
			runOnlyForDeploymentPostprocessing = 0;
		};
		10592A6922B03D83001E8C7C /* Sources */ = {
			isa = PBXSourcesBuildPhase;
			buildActionMask = 2147483647;
			files = (
				10592A7222B03D83001E8C7C /* udemy_tut1UITests.swift in Sources */,
			);
			runOnlyForDeploymentPostprocessing = 0;
		};
/* End PBXSourcesBuildPhase section */

/* Begin PBXTargetDependency section */
		10592A6422B03D83001E8C7C /* PBXTargetDependency */ = {
			isa = PBXTargetDependency;
			target = 10592A4D22B03D82001E8C7C /* udemy-tut1 */;
			targetProxy = 10592A6322B03D83001E8C7C /* PBXContainerItemProxy */;
		};
		10592A6F22B03D83001E8C7C /* PBXTargetDependency */ = {
			isa = PBXTargetDependency;
			target = 10592A4D22B03D82001E8C7C /* udemy-tut1 */;
			targetProxy = 10592A6E22B03D83001E8C7C /* PBXContainerItemProxy */;
		};
/* End PBXTargetDependency section */

/* Begin PBXVariantGroup section */
		10592A5522B03D82001E8C7C /* Main.storyboard */ = {
			isa = PBXVariantGroup;
			children = (
				10592A5622B03D82001E8C7C /* Base */,
			);
			name = Main.storyboard;
			sourceTree = "<group>";
		};
		10592A5A22B03D83001E8C7C /* LaunchScreen.storyboard */ = {
			isa = PBXVariantGroup;
			children = (
				10592A5B22B03D83001E8C7C /* Base */,
			);
			name = LaunchScreen.storyboard;
			sourceTree = "<group>";
		};
/* End PBXVariantGroup section */

/* Begin XCBuildConfiguration section */
		10592A7422B03D83001E8C7C /* Debug */ = {
			isa = XCBuildConfiguration;
			buildSettings = {
				ALWAYS_SEARCH_USER_PATHS = NO;
				CLANG_ANALYZER_NONNULL = YES;
				CLANG_ANALYZER_NUMBER_OBJECT_CONVERSION = YES_AGGRESSIVE;
				CLANG_CXX_LANGUAGE_STANDARD = "gnu++14";
				CLANG_CXX_LIBRARY = "libc++";
				CLANG_ENABLE_MODULES = YES;
				CLANG_ENABLE_OBJC_ARC = YES;
				CLANG_ENABLE_OBJC_WEAK = YES;
				CLANG_WARN_BLOCK_CAPTURE_AUTORELEASING = YES;
				CLANG_WARN_BOOL_CONVERSION = YES;
				CLANG_WARN_COMMA = YES;
				CLANG_WARN_CONSTANT_CONVERSION = YES;
				CLANG_WARN_DEPRECATED_OBJC_IMPLEMENTATIONS = YES;
				CLANG_WARN_DIRECT_OBJC_ISA_USAGE = YES_ERROR;
				CLANG_WARN_DOCUMENTATION_COMMENTS = YES;
				CLANG_WARN_EMPTY_BODY = YES;
				CLANG_WARN_ENUM_CONVERSION = YES;
				CLANG_WARN_INFINITE_RECURSION = YES;
				CLANG_WARN_INT_CONVERSION = YES;
				CLANG_WARN_NON_LITERAL_NULL_CONVERSION = YES;
				CLANG_WARN_OBJC_IMPLICIT_RETAIN_SELF = YES;
				CLANG_WARN_OBJC_LITERAL_CONVERSION = YES;
				CLANG_WARN_OBJC_ROOT_CLASS = YES_ERROR;
				CLANG_WARN_RANGE_LOOP_ANALYSIS = YES;
				CLANG_WARN_STRICT_PROTOTYPES = YES;
				CLANG_WARN_SUSPICIOUS_MOVE = YES;
				CLANG_WARN_UNGUARDED_AVAILABILITY = YES_AGGRESSIVE;
				CLANG_WARN_UNREACHABLE_CODE = YES;
				CLANG_WARN__DUPLICATE_METHOD_MATCH = YES;
				CODE_SIGN_IDENTITY = "iPhone Developer";
				COPY_PHASE_STRIP = NO;
				DEBUG_INFORMATION_FORMAT = dwarf;
				ENABLE_STRICT_OBJC_MSGSEND = YES;
				ENABLE_TESTABILITY = YES;
				GCC_C_LANGUAGE_STANDARD = gnu11;
				GCC_DYNAMIC_NO_PIC = NO;
				GCC_NO_COMMON_BLOCKS = YES;
				GCC_OPTIMIZATION_LEVEL = 0;
				GCC_PREPROCESSOR_DEFINITIONS = (
					"DEBUG=1",
					"$(inherited)",
				);
				GCC_WARN_64_TO_32_BIT_CONVERSION = YES;
				GCC_WARN_ABOUT_RETURN_TYPE = YES_ERROR;
				GCC_WARN_UNDECLARED_SELECTOR = YES;
				GCC_WARN_UNINITIALIZED_AUTOS = YES_AGGRESSIVE;
				GCC_WARN_UNUSED_FUNCTION = YES;
				GCC_WARN_UNUSED_VARIABLE = YES;
				IPHONEOS_DEPLOYMENT_TARGET = 12.2;
				MTL_ENABLE_DEBUG_INFO = INCLUDE_SOURCE;
				MTL_FAST_MATH = YES;
				ONLY_ACTIVE_ARCH = YES;
				SDKROOT = iphoneos;
				SWIFT_ACTIVE_COMPILATION_CONDITIONS = DEBUG;
				SWIFT_OPTIMIZATION_LEVEL = "-Onone";
			};
			name = Debug;
		};
		10592A7522B03D83001E8C7C /* Release */ = {
			isa = XCBuildConfiguration;
			buildSettings = {
				ALWAYS_SEARCH_USER_PATHS = NO;
				CLANG_ANALYZER_NONNULL = YES;
				CLANG_ANALYZER_NUMBER_OBJECT_CONVERSION = YES_AGGRESSIVE;
				CLANG_CXX_LANGUAGE_STANDARD = "gnu++14";
				CLANG_CXX_LIBRARY = "libc++";
				CLANG_ENABLE_MODULES = YES;
				CLANG_ENABLE_OBJC_ARC = YES;
				CLANG_ENABLE_OBJC_WEAK = YES;
				CLANG_WARN_BLOCK_CAPTURE_AUTORELEASING = YES;
				CLANG_WARN_BOOL_CONVERSION = YES;
				CLANG_WARN_COMMA = YES;
				CLANG_WARN_CONSTANT_CONVERSION = YES;
				CLANG_WARN_DEPRECATED_OBJC_IMPLEMENTATIONS = YES;
				CLANG_WARN_DIRECT_OBJC_ISA_USAGE = YES_ERROR;
				CLANG_WARN_DOCUMENTATION_COMMENTS = YES;
				CLANG_WARN_EMPTY_BODY = YES;
				CLANG_WARN_ENUM_CONVERSION = YES;
				CLANG_WARN_INFINITE_RECURSION = YES;
				CLANG_WARN_INT_CONVERSION = YES;
				CLANG_WARN_NON_LITERAL_NULL_CONVERSION = YES;
				CLANG_WARN_OBJC_IMPLICIT_RETAIN_SELF = YES;
				CLANG_WARN_OBJC_LITERAL_CONVERSION = YES;
				CLANG_WARN_OBJC_ROOT_CLASS = YES_ERROR;
				CLANG_WARN_RANGE_LOOP_ANALYSIS = YES;
				CLANG_WARN_STRICT_PROTOTYPES = YES;
				CLANG_WARN_SUSPICIOUS_MOVE = YES;
				CLANG_WARN_UNGUARDED_AVAILABILITY = YES_AGGRESSIVE;
				CLANG_WARN_UNREACHABLE_CODE = YES;
				CLANG_WARN__DUPLICATE_METHOD_MATCH = YES;
				CODE_SIGN_IDENTITY = "iPhone Developer";
				COPY_PHASE_STRIP = NO;
				DEBUG_INFORMATION_FORMAT = "dwarf-with-dsym";
				ENABLE_NS_ASSERTIONS = NO;
				ENABLE_STRICT_OBJC_MSGSEND = YES;
				GCC_C_LANGUAGE_STANDARD = gnu11;
				GCC_NO_COMMON_BLOCKS = YES;
				GCC_WARN_64_TO_32_BIT_CONVERSION = YES;
				GCC_WARN_ABOUT_RETURN_TYPE = YES_ERROR;
				GCC_WARN_UNDECLARED_SELECTOR = YES;
				GCC_WARN_UNINITIALIZED_AUTOS = YES_AGGRESSIVE;
				GCC_WARN_UNUSED_FUNCTION = YES;
				GCC_WARN_UNUSED_VARIABLE = YES;
				IPHONEOS_DEPLOYMENT_TARGET = 12.2;
				MTL_ENABLE_DEBUG_INFO = NO;
				MTL_FAST_MATH = YES;
				SDKROOT = iphoneos;
				SWIFT_COMPILATION_MODE = wholemodule;
				SWIFT_OPTIMIZATION_LEVEL = "-O";
				VALIDATE_PRODUCT = YES;
			};
			name = Release;
		};
		10592A7722B03D83001E8C7C /* Debug */ = {
			isa = XCBuildConfiguration;
			buildSettings = {
				ASSETCATALOG_COMPILER_APPICON_NAME = AppIcon;
				CODE_SIGN_STYLE = Automatic;
				DEVELOPMENT_TEAM = GSPC282Z3K;
				INFOPLIST_FILE = "udemy-tut1/Info.plist";
				LD_RUNPATH_SEARCH_PATHS = (
					"$(inherited)",
					"@executable_path/Frameworks",
				);
				PRODUCT_BUNDLE_IDENTIFIER = "com.trevorgevers.udemy-tut1";
				PRODUCT_NAME = "$(TARGET_NAME)";
				SWIFT_VERSION = 5.0;
				TARGETED_DEVICE_FAMILY = 1;
			};
			name = Debug;
		};
		10592A7822B03D83001E8C7C /* Release */ = {
			isa = XCBuildConfiguration;
			buildSettings = {
				ASSETCATALOG_COMPILER_APPICON_NAME = AppIcon;
				CODE_SIGN_STYLE = Automatic;
				DEVELOPMENT_TEAM = GSPC282Z3K;
				INFOPLIST_FILE = "udemy-tut1/Info.plist";
				LD_RUNPATH_SEARCH_PATHS = (
					"$(inherited)",
					"@executable_path/Frameworks",
				);
				PRODUCT_BUNDLE_IDENTIFIER = "com.trevorgevers.udemy-tut1";
				PRODUCT_NAME = "$(TARGET_NAME)";
				SWIFT_VERSION = 5.0;
				TARGETED_DEVICE_FAMILY = 1;
			};
			name = Release;
		};
		10592A7A22B03D83001E8C7C /* Debug */ = {
			isa = XCBuildConfiguration;
			buildSettings = {
				ALWAYS_EMBED_SWIFT_STANDARD_LIBRARIES = YES;
				BUNDLE_LOADER = "$(TEST_HOST)";
				CODE_SIGN_STYLE = Automatic;
				INFOPLIST_FILE = "udemy-tut1Tests/Info.plist";
				LD_RUNPATH_SEARCH_PATHS = (
					"$(inherited)",
					"@executable_path/Frameworks",
					"@loader_path/Frameworks",
				);
				PRODUCT_BUNDLE_IDENTIFIER = "com.trevorgevers.udemy-tut1Tests";
				PRODUCT_NAME = "$(TARGET_NAME)";
				SWIFT_VERSION = 5.0;
				TARGETED_DEVICE_FAMILY = "1,2";
				TEST_HOST = "$(BUILT_PRODUCTS_DIR)/udemy-tut1.app/udemy-tut1";
			};
			name = Debug;
		};
		10592A7B22B03D83001E8C7C /* Release */ = {
			isa = XCBuildConfiguration;
			buildSettings = {
				ALWAYS_EMBED_SWIFT_STANDARD_LIBRARIES = YES;
				BUNDLE_LOADER = "$(TEST_HOST)";
				CODE_SIGN_STYLE = Automatic;
				INFOPLIST_FILE = "udemy-tut1Tests/Info.plist";
				LD_RUNPATH_SEARCH_PATHS = (
					"$(inherited)",
					"@executable_path/Frameworks",
					"@loader_path/Frameworks",
				);
				PRODUCT_BUNDLE_IDENTIFIER = "com.trevorgevers.udemy-tut1Tests";
				PRODUCT_NAME = "$(TARGET_NAME)";
				SWIFT_VERSION = 5.0;
				TARGETED_DEVICE_FAMILY = "1,2";
				TEST_HOST = "$(BUILT_PRODUCTS_DIR)/udemy-tut1.app/udemy-tut1";
			};
			name = Release;
		};
		10592A7D22B03D83001E8C7C /* Debug */ = {
			isa = XCBuildConfiguration;
			buildSettings = {
				ALWAYS_EMBED_SWIFT_STANDARD_LIBRARIES = YES;
				CODE_SIGN_STYLE = Automatic;
				INFOPLIST_FILE = "udemy-tut1UITests/Info.plist";
				LD_RUNPATH_SEARCH_PATHS = (
					"$(inherited)",
					"@executable_path/Frameworks",
					"@loader_path/Frameworks",
				);
				PRODUCT_BUNDLE_IDENTIFIER = "com.trevorgevers.udemy-tut1UITests";
				PRODUCT_NAME = "$(TARGET_NAME)";
				SWIFT_VERSION = 5.0;
				TARGETED_DEVICE_FAMILY = "1,2";
				TEST_TARGET_NAME = "udemy-tut1";
			};
			name = Debug;
		};
		10592A7E22B03D83001E8C7C /* Release */ = {
			isa = XCBuildConfiguration;
			buildSettings = {
				ALWAYS_EMBED_SWIFT_STANDARD_LIBRARIES = YES;
				CODE_SIGN_STYLE = Automatic;
				INFOPLIST_FILE = "udemy-tut1UITests/Info.plist";
				LD_RUNPATH_SEARCH_PATHS = (
					"$(inherited)",
					"@executable_path/Frameworks",
					"@loader_path/Frameworks",
				);
				PRODUCT_BUNDLE_IDENTIFIER = "com.trevorgevers.udemy-tut1UITests";
				PRODUCT_NAME = "$(TARGET_NAME)";
				SWIFT_VERSION = 5.0;
				TARGETED_DEVICE_FAMILY = "1,2";
				TEST_TARGET_NAME = "udemy-tut1";
			};
			name = Release;
		};
/* End XCBuildConfiguration section */

/* Begin XCConfigurationList section */
		10592A4922B03D82001E8C7C /* Build configuration list for PBXProject "udemy-tut1" */ = {
			isa = XCConfigurationList;
			buildConfigurations = (
				10592A7422B03D83001E8C7C /* Debug */,
				10592A7522B03D83001E8C7C /* Release */,
			);
			defaultConfigurationIsVisible = 0;
			defaultConfigurationName = Release;
		};
		10592A7622B03D83001E8C7C /* Build configuration list for PBXNativeTarget "udemy-tut1" */ = {
			isa = XCConfigurationList;
			buildConfigurations = (
				10592A7722B03D83001E8C7C /* Debug */,
				10592A7822B03D83001E8C7C /* Release */,
			);
			defaultConfigurationIsVisible = 0;
			defaultConfigurationName = Release;
		};
		10592A7922B03D83001E8C7C /* Build configuration list for PBXNativeTarget "udemy-tut1Tests" */ = {
			isa = XCConfigurationList;
			buildConfigurations = (
				10592A7A22B03D83001E8C7C /* Debug */,
				10592A7B22B03D83001E8C7C /* Release */,
			);
			defaultConfigurationIsVisible = 0;
			defaultConfigurationName = Release;
		};
		10592A7C22B03D83001E8C7C /* Build configuration list for PBXNativeTarget "udemy-tut1UITests" */ = {
			isa = XCConfigurationList;
			buildConfigurations = (
				10592A7D22B03D83001E8C7C /* Debug */,
				10592A7E22B03D83001E8C7C /* Release */,
			);
			defaultConfigurationIsVisible = 0;
			defaultConfigurationName = Release;
		};
/* End XCConfigurationList section */
	};
	rootObject = 10592A4622B03D82001E8C7C /* Project object */;
}
